
Microsoft Visual Studio Solution File, Format Version 12.00
# Visual Studio Version 17
VisualStudioVersion = 17.5.33530.505
MinimumVisualStudioVersion = 10.0.40219.1
Project("{FAE04EC0-301F-11D3-BF4B-00C04F79EFBC}") = "DatabaseBizLand", "DatabaseBizLand.csproj", "{EF439978-894A-4DEA-A4AC-30903C765D31}"
EndProject
Global
	GlobalSection(SolutionConfigurationPlatforms) = preSolution
		Debug|Any CPU = Debug|Any CPU
		Release|Any CPU = Release|Any CPU
	EndGlobalSection
	GlobalSection(ProjectConfigurationPlatforms) = postSolution
		{EF439978-894A-4DEA-A4AC-30903C765D31}.Debug|Any CPU.ActiveCfg = Debug|Any CPU
		{EF439978-894A-4DEA-A4AC-30903C765D31}.Debug|Any CPU.Build.0 = Debug|Any CPU
		{EF439978-894A-4DEA-A4AC-30903C765D31}.Release|Any CPU.ActiveCfg = Release|Any CPU
		{EF439978-894A-4DEA-A4AC-30903C765D31}.Release|Any CPU.Build.0 = Release|Any CPU
	EndGlobalSection
	GlobalSection(SolutionProperties) = preSolution
		HideSolutionNode = FALSE
	EndGlobalSection
	GlobalSection(ExtensibilityGlobals) = postSolution
		SolutionGuid = {52F09225-3D39-4BA3-BCD1-9D7341B6DD00}
	EndGlobalSection
EndGlobal
